
Microsoft Visual Studio Solution File, Format Version 12.00
# Visual Studio Version 17
VisualStudioVersion = 17.13.36105.23 d17.13
MinimumVisualStudioVersion = 10.0.40219.1
Project("{FAE04EC0-301F-11D3-BF4B-00C04F79EFBC}") = "Restaurante.Api", "Restaurante.Api.csproj", "{7CEE8B84-8B6B-40CA-8E19-2AA84619ABB0}"
EndProject
Project("{FAE04EC0-301F-11D3-BF4B-00C04F79EFBC}") = "Restaurante.Application", "..\Restaurante.Application\Restaurante.Application.csproj", "{A92A9BC1-401E-48C3-BE1B-D33188E4878B}"
EndProject
Project("{FAE04EC0-301F-11D3-BF4B-00C04F79EFBC}") = "Restaurante.Domain", "..\Restaurante.Domain\Restaurante.Domain.csproj", "{20093581-ACD7-4825-8423-AB1C126D4B22}"
EndProject
Project("{FAE04EC0-301F-11D3-BF4B-00C04F79EFBC}") = "Restaurante.Infrastructure", "..\Restaurante.Infrastructure\Restaurante.Infrastructure.csproj", "{FBB9B6E8-E979-4DC2-90AC-9F76B5E3DC98}"
EndProject
Project("{FAE04EC0-301F-11D3-BF4B-00C04F79EFBC}") = "Restaurante.SharedKernel", "..\Restaurante.SharedKernel\Restaurante.SharedKernel.csproj", "{51F2EE86-1DF1-4F84-8C31-DDBF203FEB31}"
EndProject
Global
	GlobalSection(SolutionConfigurationPlatforms) = preSolution
		Debug|Any CPU = Debug|Any CPU
		Release|Any CPU = Release|Any CPU
	EndGlobalSection
	GlobalSection(ProjectConfigurationPlatforms) = postSolution
		{7CEE8B84-8B6B-40CA-8E19-2AA84619ABB0}.Debug|Any CPU.ActiveCfg = Debug|Any CPU
		{7CEE8B84-8B6B-40CA-8E19-2AA84619ABB0}.Debug|Any CPU.Build.0 = Debug|Any CPU
		{7CEE8B84-8B6B-40CA-8E19-2AA84619ABB0}.Release|Any CPU.ActiveCfg = Release|Any CPU
		{7CEE8B84-8B6B-40CA-8E19-2AA84619ABB0}.Release|Any CPU.Build.0 = Release|Any CPU
		{A92A9BC1-401E-48C3-BE1B-D33188E4878B}.Debug|Any CPU.ActiveCfg = Debug|Any CPU
		{A92A9BC1-401E-48C3-BE1B-D33188E4878B}.Debug|Any CPU.Build.0 = Debug|Any CPU
		{A92A9BC1-401E-48C3-BE1B-D33188E4878B}.Release|Any CPU.ActiveCfg = Release|Any CPU
		{A92A9BC1-401E-48C3-BE1B-D33188E4878B}.Release|Any CPU.Build.0 = Release|Any CPU
		{20093581-ACD7-4825-8423-AB1C126D4B22}.Debug|Any CPU.ActiveCfg = Debug|Any CPU
		{20093581-ACD7-4825-8423-AB1C126D4B22}.Debug|Any CPU.Build.0 = Debug|Any CPU
		{20093581-ACD7-4825-8423-AB1C126D4B22}.Release|Any CPU.ActiveCfg = Release|Any CPU
		{20093581-ACD7-4825-8423-AB1C126D4B22}.Release|Any CPU.Build.0 = Release|Any CPU
		{FBB9B6E8-E979-4DC2-90AC-9F76B5E3DC98}.Debug|Any CPU.ActiveCfg = Debug|Any CPU
		{FBB9B6E8-E979-4DC2-90AC-9F76B5E3DC98}.Debug|Any CPU.Build.0 = Debug|Any CPU
		{FBB9B6E8-E979-4DC2-90AC-9F76B5E3DC98}.Release|Any CPU.ActiveCfg = Release|Any CPU
		{FBB9B6E8-E979-4DC2-90AC-9F76B5E3DC98}.Release|Any CPU.Build.0 = Release|Any CPU
		{51F2EE86-1DF1-4F84-8C31-DDBF203FEB31}.Debug|Any CPU.ActiveCfg = Debug|Any CPU
		{51F2EE86-1DF1-4F84-8C31-DDBF203FEB31}.Debug|Any CPU.Build.0 = Debug|Any CPU
		{51F2EE86-1DF1-4F84-8C31-DDBF203FEB31}.Release|Any CPU.ActiveCfg = Release|Any CPU
		{51F2EE86-1DF1-4F84-8C31-DDBF203FEB31}.Release|Any CPU.Build.0 = Release|Any CPU
	EndGlobalSection
	GlobalSection(SolutionProperties) = preSolution
		HideSolutionNode = FALSE
	EndGlobalSection
	GlobalSection(ExtensibilityGlobals) = postSolution
		SolutionGuid = {98D9B3B5-C952-4285-A3ED-CCA2E04AC867}
	EndGlobalSection
EndGlobal
